
Microsoft Visual Studio Solution File, Format Version 12.00
# Visual Studio 2013
VisualStudioVersion = 12.0.31101.0
MinimumVisualStudioVersion = 10.0.40219.1
Project("{FAE04EC0-301F-11D3-BF4B-00C04F79EFBC}") = "PymesWeb", "PymesWeb\PymesWeb.csproj", "{36DACF45-1A5F-4A27-99AE-EFEB688B5FB3}"
EndProject
Project("{FAE04EC0-301F-11D3-BF4B-00C04F79EFBC}") = "Pymes.Data", "Pymes.Data\Pymes.Data.csproj", "{C250965F-4770-4424-806A-086D6E8E1E02}"
EndProject
Global
	GlobalSection(SolutionConfigurationPlatforms) = preSolution
		Debug|Any CPU = Debug|Any CPU
		Release|Any CPU = Release|Any CPU
	EndGlobalSection
	GlobalSection(ProjectConfigurationPlatforms) = postSolution
		{36DACF45-1A5F-4A27-99AE-EFEB688B5FB3}.Debug|Any CPU.ActiveCfg = Debug|Any CPU
		{36DACF45-1A5F-4A27-99AE-EFEB688B5FB3}.Debug|Any CPU.Build.0 = Debug|Any CPU
		{36DACF45-1A5F-4A27-99AE-EFEB688B5FB3}.Release|Any CPU.ActiveCfg = Release|Any CPU
		{36DACF45-1A5F-4A27-99AE-EFEB688B5FB3}.Release|Any CPU.Build.0 = Release|Any CPU
		{C250965F-4770-4424-806A-086D6E8E1E02}.Debug|Any CPU.ActiveCfg = Debug|Any CPU
		{C250965F-4770-4424-806A-086D6E8E1E02}.Debug|Any CPU.Build.0 = Debug|Any CPU
		{C250965F-4770-4424-806A-086D6E8E1E02}.Release|Any CPU.ActiveCfg = Release|Any CPU
		{C250965F-4770-4424-806A-086D6E8E1E02}.Release|Any CPU.Build.0 = Release|Any CPU
	EndGlobalSection
	GlobalSection(SolutionProperties) = preSolution
		HideSolutionNode = FALSE
	EndGlobalSection
EndGlobal
